Microsoft Visual Studio Solution File, Format Version 12.00
# Visual Studio 2012
Project("{FAE04EC0-301F-11D3-BF4B-00C04F79EFBC}") = "KayDungeon2", "KayDungeon2.csproj", "{C68E67D0-F4DD-4D43-A178-7CD7E2299281}"
EndProject
Global
	GlobalSection(SolutionConfigurationPlatforms) = preSolution
	Debug|Any CPU = Debug|Any CPU
	ExportDebug|Any CPU = ExportDebug|Any CPU
	ExportRelease|Any CPU = ExportRelease|Any CPU
	EndGlobalSection
	GlobalSection(ProjectConfigurationPlatforms) = postSolution
		{C68E67D0-F4DD-4D43-A178-7CD7E2299281}.Debug|Any CPU.ActiveCfg = Debug|Any CPU
		{C68E67D0-F4DD-4D43-A178-7CD7E2299281}.Debug|Any CPU.Build.0 = Debug|Any CPU
		{C68E67D0-F4DD-4D43-A178-7CD7E2299281}.ExportDebug|Any CPU.ActiveCfg = ExportDebug|Any CPU
		{C68E67D0-F4DD-4D43-A178-7CD7E2299281}.ExportDebug|Any CPU.Build.0 = ExportDebug|Any CPU
		{C68E67D0-F4DD-4D43-A178-7CD7E2299281}.ExportRelease|Any CPU.ActiveCfg = ExportRelease|Any CPU
		{C68E67D0-F4DD-4D43-A178-7CD7E2299281}.ExportRelease|Any CPU.Build.0 = ExportRelease|Any CPU
	EndGlobalSection
EndGlobal
